
Microsoft Visual Studio Solution File, Format Version 12.00
# Visual Studio 15
VisualStudioVersion = 15.0.26124.0
MinimumVisualStudioVersion = 15.0.26124.0
Project("{FAE04EC0-301F-11D3-BF4B-00C04F79EFBC}") = "ProphetTestsServer", "Prophet.Tests.Server\ProphetTestsServer.csproj", "{CCF068AE-F8A7-47AA-9BDF-49304525FF8B}"
EndProject
Project("{FAE04EC0-301F-11D3-BF4B-00C04F79EFBC}") = "ProphetDialog", "Prophet.Dialog\ProphetDialog.csproj", "{885F8212-1083-46C0-94CF-2494842AA4D7}"
EndProject
Global
	GlobalSection(SolutionConfigurationPlatforms) = preSolution
		Debug|Any CPU = Debug|Any CPU
		Debug|x64 = Debug|x64
		Debug|x86 = Debug|x86
		Release|Any CPU = Release|Any CPU
		Release|x64 = Release|x64
		Release|x86 = Release|x86
	EndGlobalSection
	GlobalSection(SolutionProperties) = preSolution
		HideSolutionNode = FALSE
	EndGlobalSection
	GlobalSection(ProjectConfigurationPlatforms) = postSolution
		{30C1D550-C514-45A1-9955-5FD72BF4BF4B}.Debug|Any CPU.ActiveCfg = Debug|Any CPU
		{30C1D550-C514-45A1-9955-5FD72BF4BF4B}.Debug|Any CPU.Build.0 = Debug|Any CPU
		{30C1D550-C514-45A1-9955-5FD72BF4BF4B}.Debug|x64.ActiveCfg = Debug|Any CPU
		{30C1D550-C514-45A1-9955-5FD72BF4BF4B}.Debug|x64.Build.0 = Debug|Any CPU
		{30C1D550-C514-45A1-9955-5FD72BF4BF4B}.Debug|x86.ActiveCfg = Debug|Any CPU
		{30C1D550-C514-45A1-9955-5FD72BF4BF4B}.Debug|x86.Build.0 = Debug|Any CPU
		{30C1D550-C514-45A1-9955-5FD72BF4BF4B}.Release|Any CPU.ActiveCfg = Release|Any CPU
		{30C1D550-C514-45A1-9955-5FD72BF4BF4B}.Release|Any CPU.Build.0 = Release|Any CPU
		{30C1D550-C514-45A1-9955-5FD72BF4BF4B}.Release|x64.ActiveCfg = Release|Any CPU
		{30C1D550-C514-45A1-9955-5FD72BF4BF4B}.Release|x64.Build.0 = Release|Any CPU
		{30C1D550-C514-45A1-9955-5FD72BF4BF4B}.Release|x86.ActiveCfg = Release|Any CPU
		{30C1D550-C514-45A1-9955-5FD72BF4BF4B}.Release|x86.Build.0 = Release|Any CPU
		{39613246-DE4B-43E8-91BD-DEF4AF8D1308}.Debug|Any CPU.ActiveCfg = Debug|Any CPU
		{39613246-DE4B-43E8-91BD-DEF4AF8D1308}.Debug|Any CPU.Build.0 = Debug|Any CPU
		{39613246-DE4B-43E8-91BD-DEF4AF8D1308}.Debug|x64.ActiveCfg = Debug|Any CPU
		{39613246-DE4B-43E8-91BD-DEF4AF8D1308}.Debug|x64.Build.0 = Debug|Any CPU
		{39613246-DE4B-43E8-91BD-DEF4AF8D1308}.Debug|x86.ActiveCfg = Debug|Any CPU
		{39613246-DE4B-43E8-91BD-DEF4AF8D1308}.Debug|x86.Build.0 = Debug|Any CPU
		{39613246-DE4B-43E8-91BD-DEF4AF8D1308}.Release|Any CPU.ActiveCfg = Release|Any CPU
		{39613246-DE4B-43E8-91BD-DEF4AF8D1308}.Release|Any CPU.Build.0 = Release|Any CPU
		{39613246-DE4B-43E8-91BD-DEF4AF8D1308}.Release|x64.ActiveCfg = Release|Any CPU
		{39613246-DE4B-43E8-91BD-DEF4AF8D1308}.Release|x64.Build.0 = Release|Any CPU
		{39613246-DE4B-43E8-91BD-DEF4AF8D1308}.Release|x86.ActiveCfg = Release|Any CPU
		{39613246-DE4B-43E8-91BD-DEF4AF8D1308}.Release|x86.Build.0 = Release|Any CPU
		{CCF068AE-F8A7-47AA-9BDF-49304525FF8B}.Debug|Any CPU.ActiveCfg = Debug|Any CPU
		{CCF068AE-F8A7-47AA-9BDF-49304525FF8B}.Debug|Any CPU.Build.0 = Debug|Any CPU
		{CCF068AE-F8A7-47AA-9BDF-49304525FF8B}.Debug|x64.ActiveCfg = Debug|Any CPU
		{CCF068AE-F8A7-47AA-9BDF-49304525FF8B}.Debug|x64.Build.0 = Debug|Any CPU
		{CCF068AE-F8A7-47AA-9BDF-49304525FF8B}.Debug|x86.ActiveCfg = Debug|Any CPU
		{CCF068AE-F8A7-47AA-9BDF-49304525FF8B}.Debug|x86.Build.0 = Debug|Any CPU
		{CCF068AE-F8A7-47AA-9BDF-49304525FF8B}.Release|Any CPU.ActiveCfg = Release|Any CPU
		{CCF068AE-F8A7-47AA-9BDF-49304525FF8B}.Release|Any CPU.Build.0 = Release|Any CPU
		{CCF068AE-F8A7-47AA-9BDF-49304525FF8B}.Release|x64.ActiveCfg = Release|Any CPU
		{CCF068AE-F8A7-47AA-9BDF-49304525FF8B}.Release|x64.Build.0 = Release|Any CPU
		{CCF068AE-F8A7-47AA-9BDF-49304525FF8B}.Release|x86.ActiveCfg = Release|Any CPU
		{CCF068AE-F8A7-47AA-9BDF-49304525FF8B}.Release|x86.Build.0 = Release|Any CPU
		{885F8212-1083-46C0-94CF-2494842AA4D7}.Debug|Any CPU.ActiveCfg = Debug|Any CPU
		{885F8212-1083-46C0-94CF-2494842AA4D7}.Debug|Any CPU.Build.0 = Debug|Any CPU
		{885F8212-1083-46C0-94CF-2494842AA4D7}.Debug|x64.ActiveCfg = Debug|Any CPU
		{885F8212-1083-46C0-94CF-2494842AA4D7}.Debug|x64.Build.0 = Debug|Any CPU
		{885F8212-1083-46C0-94CF-2494842AA4D7}.Debug|x86.ActiveCfg = Debug|Any CPU
		{885F8212-1083-46C0-94CF-2494842AA4D7}.Debug|x86.Build.0 = Debug|Any CPU
		{885F8212-1083-46C0-94CF-2494842AA4D7}.Release|Any CPU.ActiveCfg = Release|Any CPU
		{885F8212-1083-46C0-94CF-2494842AA4D7}.Release|Any CPU.Build.0 = Release|Any CPU
		{885F8212-1083-46C0-94CF-2494842AA4D7}.Release|x64.ActiveCfg = Release|Any CPU
		{885F8212-1083-46C0-94CF-2494842AA4D7}.Release|x64.Build.0 = Release|Any CPU
		{885F8212-1083-46C0-94CF-2494842AA4D7}.Release|x86.ActiveCfg = Release|Any CPU
		{885F8212-1083-46C0-94CF-2494842AA4D7}.Release|x86.Build.0 = Release|Any CPU
	EndGlobalSection
EndGlobal
